
Microsoft Visual Studio Solution File, Format Version 12.00
# Visual Studio Version 17
VisualStudioVersion = 17.11.35312.102
MinimumVisualStudioVersion = 10.0.40219.1
Project("{FAE04EC0-301F-11D3-BF4B-00C04F79EFBC}") = "Animals", "Animals\Animals.csproj", "{16C0F6BE-8A49-487B-B6F3-1763D9E99741}"
EndProject
Global
	GlobalSection(SolutionConfigurationPlatforms) = preSolution
		Debug|Any CPU = Debug|Any CPU
		Release|Any CPU = Release|Any CPU
	EndGlobalSection
	GlobalSection(ProjectConfigurationPlatforms) = postSolution
		{16C0F6BE-8A49-487B-B6F3-1763D9E99741}.Debug|Any CPU.ActiveCfg = Debug|Any CPU
		{16C0F6BE-8A49-487B-B6F3-1763D9E99741}.Debug|Any CPU.Build.0 = Debug|Any CPU
		{16C0F6BE-8A49-487B-B6F3-1763D9E99741}.Release|Any CPU.ActiveCfg = Release|Any CPU
		{16C0F6BE-8A49-487B-B6F3-1763D9E99741}.Release|Any CPU.Build.0 = Release|Any CPU
	EndGlobalSection
	GlobalSection(SolutionProperties) = preSolution
		HideSolutionNode = FALSE
	EndGlobalSection
	GlobalSection(ExtensibilityGlobals) = postSolution
		SolutionGuid = {F5EE8E97-0074-46BB-B3BA-E5F17F3B34CA}
	EndGlobalSection
EndGlobal
